// !$*UTF8*$!
{
	archiveVersion = 1;
	classes = {
	};
	objectVersion = 50;
	objects = {

/* Begin PBXBuildFile section */
		9D2EC4892223B4DD002FA1DD /* plane.png in Resources */ = {isa = PBXBuildFile; fileRef = 9D2EC4832223B4DC002FA1DD /* plane.png */; };
		9D2EC48A2223B4DD002FA1DD /* mush.png in Resources */ = {isa = PBXBuildFile; fileRef = 9D2EC4842223B4DC002FA1DD /* mush.png */; };
		9D2EC48B2223B4DD002FA1DD /* bike.png in Resources */ = {isa = PBXBuildFile; fileRef = 9D2EC4852223B4DD002FA1DD /* bike.png */; };
		9D2EC48C2223B4DD002FA1DD /* car.png in Resources */ = {isa = PBXBuildFile; fileRef = 9D2EC4862223B4DD002FA1DD /* car.png */; };
		9D2EC48D2223B4DD002FA1DD /* pedestrian.png in Resources */ = {isa = PBXBuildFile; fileRef = 9D2EC4872223B4DD002FA1DD /* pedestrian.png */; };
		9D2EC48E2223B4DD002FA1DD /* atv.png in Resources */ = {isa = PBXBuildFile; fileRef = 9D2EC4882223B4DD002FA1DD /* atv.png */; };
		9D2EC4902223CE63002FA1DD /* UAFBigFancyButton.swift in Sources */ = {isa = PBXBuildFile; fileRef = 9D2EC48F2223CE63002FA1DD /* UAFBigFancyButton.swift */; };
		9D2EC4942223D428002FA1DD /* UAFManageSessionsViewController.swift in Sources */ = {isa = PBXBuildFile; fileRef = 9D2EC4932223D428002FA1DD /* UAFManageSessionsViewController.swift */; };
		9D2EC4962223D749002FA1DD /* UAFTrafficCountViewController.swift in Sources */ = {isa = PBXBuildFile; fileRef = 9D2EC4952223D749002FA1DD /* UAFTrafficCountViewController.swift */; };
		9D2EC49822252AC0002FA1DD /* snowmachine.png in Resources */ = {isa = PBXBuildFile; fileRef = 9D2EC49722252AC0002FA1DD /* snowmachine.png */; };
		9D2EC49A22252B92002FA1DD /* ResumeSessionViewController.swift in Sources */ = {isa = PBXBuildFile; fileRef = 9D2EC49922252B92002FA1DD /* ResumeSessionViewController.swift */; };
		9DBF1482222CE05000285979 /* SessionManagerTests.swift in Sources */ = {isa = PBXBuildFile; fileRef = 9DBF1481222CE05000285979 /* SessionManagerTests.swift */; };
		9DBF1484222CF1F100285979 /* SessionTests.swift in Sources */ = {isa = PBXBuildFile; fileRef = 9DBF1483222CF1F100285979 /* SessionTests.swift */; };
		9DE934CE2207B8540000255D /* UAFVehicleView.swift in Sources */ = {isa = PBXBuildFile; fileRef = 9DE934CD2207B8540000255D /* UAFVehicleView.swift */; };
		9DE934D52207C84F0000255D /* gear.png in Resources */ = {isa = PBXBuildFile; fileRef = 9DE934D42207C84E0000255D /* gear.png */; };
		9DE934D72207CA3D0000255D /* UAFPinEntryViewViewController.swift in Sources */ = {isa = PBXBuildFile; fileRef = 9DE934D62207CA3D0000255D /* UAFPinEntryViewViewController.swift */; };
		C3A2F09C21FACD060078E15C /* AppDelegate.swift in Sources */ = {isa = PBXBuildFile; fileRef = C3A2F09B21FACD060078E15C /* AppDelegate.swift */; };
		C3A2F0A121FACD060078E15C /* Main.storyboard in Resources */ = {isa = PBXBuildFile; fileRef = C3A2F09F21FACD060078E15C /* Main.storyboard */; };
		C3A2F0A321FACD070078E15C /* Assets.xcassets in Resources */ = {isa = PBXBuildFile; fileRef = C3A2F0A221FACD070078E15C /* Assets.xcassets */; };
		C3A2F0A621FACD070078E15C /* LaunchScreen.storyboard in Resources */ = {isa = PBXBuildFile; fileRef = C3A2F0A421FACD070078E15C /* LaunchScreen.storyboard */; };
		C3A2F0B121FACD070078E15C /* uaftrafficTests.swift in Sources */ = {isa = PBXBuildFile; fileRef = C3A2F0B021FACD070078E15C /* uaftrafficTests.swift */; };
		C3A2F0BC21FACD070078E15C /* uaftrafficUITests.swift in Sources */ = {isa = PBXBuildFile; fileRef = C3A2F0BB21FACD070078E15C /* uaftrafficUITests.swift */; };
/* End PBXBuildFile section */

/* Begin PBXContainerItemProxy section */
		C3A2F0AD21FACD070078E15C /* PBXContainerItemProxy */ = {
			isa = PBXContainerItemProxy;
			containerPortal = C3A2F09021FACD060078E15C /* Project object */;
			proxyType = 1;
			remoteGlobalIDString = C3A2F09721FACD060078E15C;
			remoteInfo = uaftraffic;
		};
		C3A2F0B821FACD070078E15C /* PBXContainerItemProxy */ = {
			isa = PBXContainerItemProxy;
			containerPortal = C3A2F09021FACD060078E15C /* Project object */;
			proxyType = 1;
			remoteGlobalIDString = C3A2F09721FACD060078E15C;
			remoteInfo = uaftraffic;
		};
/* End PBXContainerItemProxy section */

/* Begin PBXFileReference section */
		9D2EC4832223B4DC002FA1DD /* plane.png */ = {isa = PBXFileReference; lastKnownFileType = image.png; name = plane.png; path = ../../../assets/plane.png; sourceTree = "<group>"; };
		9D2EC4842223B4DC002FA1DD /* mush.png */ = {isa = PBXFileReference; lastKnownFileType = image.png; name = mush.png; path = ../../../assets/mush.png; sourceTree = "<group>"; };
		9D2EC4852223B4DD002FA1DD /* bike.png */ = {isa = PBXFileReference; lastKnownFileType = image.png; name = bike.png; path = ../../../assets/bike.png; sourceTree = "<group>"; };
		9D2EC4862223B4DD002FA1DD /* car.png */ = {isa = PBXFileReference; lastKnownFileType = image.png; name = car.png; path = ../../../assets/car.png; sourceTree = "<group>"; };
		9D2EC4872223B4DD002FA1DD /* pedestrian.png */ = {isa = PBXFileReference; lastKnownFileType = image.png; name = pedestrian.png; path = ../../../assets/pedestrian.png; sourceTree = "<group>"; };
		9D2EC4882223B4DD002FA1DD /* atv.png */ = {isa = PBXFileReference; lastKnownFileType = image.png; name = atv.png; path = ../../../assets/atv.png; sourceTree = "<group>"; };
		9D2EC48F2223CE63002FA1DD /* UAFBigFancyButton.swift */ = {isa = PBXFileReference; lastKnownFileType = sourcecode.swift; path = UAFBigFancyButton.swift; sourceTree = "<group>"; };
		9D2EC4932223D428002FA1DD /* UAFManageSessionsViewController.swift */ = {isa = PBXFileReference; lastKnownFileType = sourcecode.swift; path = UAFManageSessionsViewController.swift; sourceTree = "<group>"; };
		9D2EC4952223D749002FA1DD /* UAFTrafficCountViewController.swift */ = {isa = PBXFileReference; lastKnownFileType = sourcecode.swift; path = UAFTrafficCountViewController.swift; sourceTree = "<group>"; };
		9D2EC49722252AC0002FA1DD /* snowmachine.png */ = {isa = PBXFileReference; lastKnownFileType = image.png; name = snowmachine.png; path = ../../../assets/snowmachine.png; sourceTree = "<group>"; };
		9D2EC49922252B92002FA1DD /* ResumeSessionViewController.swift */ = {isa = PBXFileReference; lastKnownFileType = sourcecode.swift; path = ResumeSessionViewController.swift; sourceTree = "<group>"; };
		9DBF1481222CE05000285979 /* SessionManagerTests.swift */ = {isa = PBXFileReference; lastKnownFileType = sourcecode.swift; path = SessionManagerTests.swift; sourceTree = "<group>"; };
		9DBF1483222CF1F100285979 /* SessionTests.swift */ = {isa = PBXFileReference; lastKnownFileType = sourcecode.swift; path = SessionTests.swift; sourceTree = "<group>"; };
		9DE934CD2207B8540000255D /* UAFVehicleView.swift */ = {isa = PBXFileReference; lastKnownFileType = sourcecode.swift; path = UAFVehicleView.swift; sourceTree = "<group>"; };
		9DE934D42207C84E0000255D /* gear.png */ = {isa = PBXFileReference; lastKnownFileType = image.png; path = gear.png; sourceTree = "<group>"; };
		9DE934D62207CA3D0000255D /* UAFPinEntryViewViewController.swift */ = {isa = PBXFileReference; lastKnownFileType = sourcecode.swift; path = UAFPinEntryViewViewController.swift; sourceTree = "<group>"; };
		C3A2F09821FACD060078E15C /* uaftraffic.app */ = {isa = PBXFileReference; explicitFileType = wrapper.application; includeInIndex = 0; path = uaftraffic.app; sourceTree = BUILT_PRODUCTS_DIR; };
		C3A2F09B21FACD060078E15C /* AppDelegate.swift */ = {isa = PBXFileReference; lastKnownFileType = sourcecode.swift; path = AppDelegate.swift; sourceTree = "<group>"; };
		C3A2F0A021FACD060078E15C /* Base */ = {isa = PBXFileReference; lastKnownFileType = file.storyboard; name = Base; path = Base.lproj/Main.storyboard; sourceTree = "<group>"; };
		C3A2F0A221FACD070078E15C /* Assets.xcassets */ = {isa = PBXFileReference; lastKnownFileType = folder.assetcatalog; path = Assets.xcassets; sourceTree = "<group>"; };
		C3A2F0A521FACD070078E15C /* Base */ = {isa = PBXFileReference; lastKnownFileType = file.storyboard; name = Base; path = Base.lproj/LaunchScreen.storyboard; sourceTree = "<group>"; };
		C3A2F0A721FACD070078E15C /* Info.plist */ = {isa = PBXFileReference; lastKnownFileType = text.plist.xml; path = Info.plist; sourceTree = "<group>"; };
		C3A2F0AC21FACD070078E15C /* uaftrafficTests.xctest */ = {isa = PBXFileReference; explicitFileType = wrapper.cfbundle; includeInIndex = 0; path = uaftrafficTests.xctest; sourceTree = BUILT_PRODUCTS_DIR; };
		C3A2F0B021FACD070078E15C /* uaftrafficTests.swift */ = {isa = PBXFileReference; lastKnownFileType = sourcecode.swift; path = uaftrafficTests.swift; sourceTree = "<group>"; };
		C3A2F0B221FACD070078E15C /* Info.plist */ = {isa = PBXFileReference; lastKnownFileType = text.plist.xml; path = Info.plist; sourceTree = "<group>"; };
		C3A2F0B721FACD070078E15C /* uaftrafficUITests.xctest */ = {isa = PBXFileReference; explicitFileType = wrapper.cfbundle; includeInIndex = 0; path = uaftrafficUITests.xctest; sourceTree = BUILT_PRODUCTS_DIR; };
		C3A2F0BB21FACD070078E15C /* uaftrafficUITests.swift */ = {isa = PBXFileReference; lastKnownFileType = sourcecode.swift; path = uaftrafficUITests.swift; sourceTree = "<group>"; };
		C3A2F0BD21FACD070078E15C /* Info.plist */ = {isa = PBXFileReference; lastKnownFileType = text.plist.xml; path = Info.plist; sourceTree = "<group>"; };
/* End PBXFileReference section */

/* Begin PBXFrameworksBuildPhase section */
		C3A2F09521FACD060078E15C /* Frameworks */ = {
			isa = PBXFrameworksBuildPhase;
			buildActionMask = 2147483647;
			files = (
			);
			runOnlyForDeploymentPostprocessing = 0;
		};
		C3A2F0A921FACD070078E15C /* Frameworks */ = {
			isa = PBXFrameworksBuildPhase;
			buildActionMask = 2147483647;
			files = (
			);
			runOnlyForDeploymentPostprocessing = 0;
		};
		C3A2F0B421FACD070078E15C /* Frameworks */ = {
			isa = PBXFrameworksBuildPhase;
			buildActionMask = 2147483647;
			files = (
			);
			runOnlyForDeploymentPostprocessing = 0;
		};
/* End PBXFrameworksBuildPhase section */

/* Begin PBXGroup section */
		9DE934C22207AEC90000255D /* Assets */ = {
			isa = PBXGroup;
			children = (
				9DE934D42207C84E0000255D /* gear.png */,
				9D2EC4852223B4DD002FA1DD /* bike.png */,
				9D2EC4862223B4DD002FA1DD /* car.png */,
				9D2EC4842223B4DC002FA1DD /* mush.png */,
				9D2EC4882223B4DD002FA1DD /* atv.png */,
				9D2EC4872223B4DD002FA1DD /* pedestrian.png */,
				9D2EC4832223B4DC002FA1DD /* plane.png */,
				9D2EC49722252AC0002FA1DD /* snowmachine.png */,
			);
			path = Assets;
			sourceTree = "<group>";
		};
		C3A2F08F21FACD060078E15C = {
			isa = PBXGroup;
			children = (
				C3A2F09A21FACD060078E15C /* uaftraffic */,
				C3A2F0AF21FACD070078E15C /* uaftrafficTests */,
				C3A2F0BA21FACD070078E15C /* uaftrafficUITests */,
				C3A2F09921FACD060078E15C /* Products */,
			);
			sourceTree = "<group>";
		};
		C3A2F09921FACD060078E15C /* Products */ = {
			isa = PBXGroup;
			children = (
				C3A2F09821FACD060078E15C /* uaftraffic.app */,
				C3A2F0AC21FACD070078E15C /* uaftrafficTests.xctest */,
				C3A2F0B721FACD070078E15C /* uaftrafficUITests.xctest */,
			);
			name = Products;
			sourceTree = "<group>";
		};
		C3A2F09A21FACD060078E15C /* uaftraffic */ = {
			isa = PBXGroup;
			children = (
				9DE934C22207AEC90000255D /* Assets */,
				C3A2F09B21FACD060078E15C /* AppDelegate.swift */,
				C3A2F09F21FACD060078E15C /* Main.storyboard */,
				C3A2F0A221FACD070078E15C /* Assets.xcassets */,
				C3A2F0A421FACD070078E15C /* LaunchScreen.storyboard */,
				C3A2F0A721FACD070078E15C /* Info.plist */,
				9DE934CD2207B8540000255D /* UAFVehicleView.swift */,
				9DE934D62207CA3D0000255D /* UAFPinEntryViewViewController.swift */,
				9D2EC48F2223CE63002FA1DD /* UAFBigFancyButton.swift */,
				9D2EC4952223D749002FA1DD /* UAFTrafficCountViewController.swift */,
				9D2EC4932223D428002FA1DD /* UAFManageSessionsViewController.swift */,
				9D2EC49922252B92002FA1DD /* ResumeSessionViewController.swift */,
			);
			path = uaftraffic;
			sourceTree = "<group>";
		};
		C3A2F0AF21FACD070078E15C /* uaftrafficTests */ = {
			isa = PBXGroup;
			children = (
				C3A2F0B021FACD070078E15C /* uaftrafficTests.swift */,
				C3A2F0B221FACD070078E15C /* Info.plist */,
				9DBF1481222CE05000285979 /* SessionManagerTests.swift */,
				9DBF1483222CF1F100285979 /* SessionTests.swift */,
			);
			path = uaftrafficTests;
			sourceTree = "<group>";
		};
		C3A2F0BA21FACD070078E15C /* uaftrafficUITests */ = {
			isa = PBXGroup;
			children = (
				C3A2F0BB21FACD070078E15C /* uaftrafficUITests.swift */,
				C3A2F0BD21FACD070078E15C /* Info.plist */,
			);
			path = uaftrafficUITests;
			sourceTree = "<group>";
		};
/* End PBXGroup section */

/* Begin PBXNativeTarget section */
		C3A2F09721FACD060078E15C /* uaftraffic */ = {
			isa = PBXNativeTarget;
			buildConfigurationList = C3A2F0C021FACD070078E15C /* Build configuration list for PBXNativeTarget "uaftraffic" */;
			buildPhases = (
				C3A2F09421FACD060078E15C /* Sources */,
				C3A2F09521FACD060078E15C /* Frameworks */,
				C3A2F09621FACD060078E15C /* Resources */,
			);
			buildRules = (
			);
			dependencies = (
			);
			name = uaftraffic;
			productName = uaftraffic;
			productReference = C3A2F09821FACD060078E15C /* uaftraffic.app */;
			productType = "com.apple.product-type.application";
		};
		C3A2F0AB21FACD070078E15C /* uaftrafficTests */ = {
			isa = PBXNativeTarget;
			buildConfigurationList = C3A2F0C321FACD070078E15C /* Build configuration list for PBXNativeTarget "uaftrafficTests" */;
			buildPhases = (
				C3A2F0A821FACD070078E15C /* Sources */,
				C3A2F0A921FACD070078E15C /* Frameworks */,
				C3A2F0AA21FACD070078E15C /* Resources */,
			);
			buildRules = (
			);
			dependencies = (
				C3A2F0AE21FACD070078E15C /* PBXTargetDependency */,
			);
			name = uaftrafficTests;
			productName = uaftrafficTests;
			productReference = C3A2F0AC21FACD070078E15C /* uaftrafficTests.xctest */;
			productType = "com.apple.product-type.bundle.unit-test";
		};
		C3A2F0B621FACD070078E15C /* uaftrafficUITests */ = {
			isa = PBXNativeTarget;
			buildConfigurationList = C3A2F0C621FACD070078E15C /* Build configuration list for PBXNativeTarget "uaftrafficUITests" */;
			buildPhases = (
				C3A2F0B321FACD070078E15C /* Sources */,
				C3A2F0B421FACD070078E15C /* Frameworks */,
				C3A2F0B521FACD070078E15C /* Resources */,
			);
			buildRules = (
			);
			dependencies = (
				C3A2F0B921FACD070078E15C /* PBXTargetDependency */,
			);
			name = uaftrafficUITests;
			productName = uaftrafficUITests;
			productReference = C3A2F0B721FACD070078E15C /* uaftrafficUITests.xctest */;
			productType = "com.apple.product-type.bundle.ui-testing";
		};
/* End PBXNativeTarget section */

/* Begin PBXProject section */
		C3A2F09021FACD060078E15C /* Project object */ = {
			isa = PBXProject;
			attributes = {
				LastSwiftUpdateCheck = 1010;
				LastUpgradeCheck = 1010;
				ORGANIZATIONNAME = "University of Alaska Fairbanks";
				TargetAttributes = {
					C3A2F09721FACD060078E15C = {
						CreatedOnToolsVersion = 10.1;
					};
					C3A2F0AB21FACD070078E15C = {
						CreatedOnToolsVersion = 10.1;
						TestTargetID = C3A2F09721FACD060078E15C;
					};
					C3A2F0B621FACD070078E15C = {
						CreatedOnToolsVersion = 10.1;
						TestTargetID = C3A2F09721FACD060078E15C;
					};
				};
			};
			buildConfigurationList = C3A2F09321FACD060078E15C /* Build configuration list for PBXProject "uaftraffic" */;
			compatibilityVersion = "Xcode 9.3";
			developmentRegion = en;
			hasScannedForEncodings = 0;
			knownRegions = (
				en,
				Base,
			);
			mainGroup = C3A2F08F21FACD060078E15C;
			productRefGroup = C3A2F09921FACD060078E15C /* Products */;
			projectDirPath = "";
			projectRoot = "";
			targets = (
				C3A2F09721FACD060078E15C /* uaftraffic */,
				C3A2F0AB21FACD070078E15C /* uaftrafficTests */,
				C3A2F0B621FACD070078E15C /* uaftrafficUITests */,
			);
		};
/* End PBXProject section */

/* Begin PBXResourcesBuildPhase section */
		C3A2F09621FACD060078E15C /* Resources */ = {
			isa = PBXResourcesBuildPhase;
			buildActionMask = 2147483647;
			files = (
				9DE934D52207C84F0000255D /* gear.png in Resources */,
				9D2EC48C2223B4DD002FA1DD /* car.png in Resources */,
				9D2EC48B2223B4DD002FA1DD /* bike.png in Resources */,
				9D2EC48E2223B4DD002FA1DD /* atv.png in Resources */,
				9D2EC48D2223B4DD002FA1DD /* pedestrian.png in Resources */,
				9D2EC4892223B4DD002FA1DD /* plane.png in Resources */,
				9D2EC48A2223B4DD002FA1DD /* mush.png in Resources */,
				C3A2F0A621FACD070078E15C /* LaunchScreen.storyboard in Resources */,
				9D2EC49822252AC0002FA1DD /* snowmachine.png in Resources */,
				C3A2F0A321FACD070078E15C /* Assets.xcassets in Resources */,
				C3A2F0A121FACD060078E15C /* Main.storyboard in Resources */,
			);
			runOnlyForDeploymentPostprocessing = 0;
		};
		C3A2F0AA21FACD070078E15C /* Resources */ = {
			isa = PBXResourcesBuildPhase;
			buildActionMask = 2147483647;
			files = (
			);
			runOnlyForDeploymentPostprocessing = 0;
		};
		C3A2F0B521FACD070078E15C /* Resources */ = {
			isa = PBXResourcesBuildPhase;
			buildActionMask = 2147483647;
			files = (
			);
			runOnlyForDeploymentPostprocessing = 0;
		};
/* End PBXResourcesBuildPhase section */

/* Begin PBXSourcesBuildPhase section */
		C3A2F09421FACD060078E15C /* Sources */ = {
			isa = PBXSourcesBuildPhase;
			buildActionMask = 2147483647;
			files = (
				9D2EC49A22252B92002FA1DD /* ResumeSessionViewController.swift in Sources */,
				9DE934CE2207B8540000255D /* UAFVehicleView.swift in Sources */,
				9D2EC4962223D749002FA1DD /* UAFTrafficCountViewController.swift in Sources */,
				9D2EC4902223CE63002FA1DD /* UAFBigFancyButton.swift in Sources */,
				9DE934D72207CA3D0000255D /* UAFPinEntryViewViewController.swift in Sources */,
				9D2EC4942223D428002FA1DD /* UAFManageSessionsViewController.swift in Sources */,
				C3A2F09C21FACD060078E15C /* AppDelegate.swift in Sources */,
			);
			runOnlyForDeploymentPostprocessing = 0;
		};
		C3A2F0A821FACD070078E15C /* Sources */ = {
			isa = PBXSourcesBuildPhase;
			buildActionMask = 2147483647;
			files = (
				9DBF1484222CF1F100285979 /* SessionTests.swift in Sources */,
				9DBF1482222CE05000285979 /* SessionManagerTests.swift in Sources */,
				C3A2F0B121FACD070078E15C /* uaftrafficTests.swift in Sources */,
			);
			runOnlyForDeploymentPostprocessing = 0;
		};
		C3A2F0B321FACD070078E15C /* Sources */ = {
			isa = PBXSourcesBuildPhase;
			buildActionMask = 2147483647;
			files = (
				C3A2F0BC21FACD070078E15C /* uaftrafficUITests.swift in Sources */,
			);
			runOnlyForDeploymentPostprocessing = 0;
		};
/* End PBXSourcesBuildPhase section */

/* Begin PBXTargetDependency section */
		C3A2F0AE21FACD070078E15C /* PBXTargetDependency */ = {
			isa = PBXTargetDependency;
			target = C3A2F09721FACD060078E15C /* uaftraffic */;
			targetProxy = C3A2F0AD21FACD070078E15C /* PBXContainerItemProxy */;
		};
		C3A2F0B921FACD070078E15C /* PBXTargetDependency */ = {
			isa = PBXTargetDependency;
			target = C3A2F09721FACD060078E15C /* uaftraffic */;
			targetProxy = C3A2F0B821FACD070078E15C /* PBXContainerItemProxy */;
		};
/* End PBXTargetDependency section */

/* Begin PBXVariantGroup section */
		C3A2F09F21FACD060078E15C /* Main.storyboard */ = {
			isa = PBXVariantGroup;
			children = (
				C3A2F0A021FACD060078E15C /* Base */,
			);
			name = Main.storyboard;
			sourceTree = "<group>";
		};
		C3A2F0A421FACD070078E15C /* LaunchScreen.storyboard */ = {
			isa = PBXVariantGroup;
			children = (
				C3A2F0A521FACD070078E15C /* Base */,
			);
			name = LaunchScreen.storyboard;
			sourceTree = "<group>";
		};
/* End PBXVariantGroup section */

/* Begin XCBuildConfiguration section */
		C3A2F0BE21FACD070078E15C /* Debug */ = {
			isa = XCBuildConfiguration;
			buildSettings = {
				ALWAYS_SEARCH_USER_PATHS = NO;
				CLANG_ANALYZER_NONNULL = YES;
				CLANG_ANALYZER_NUMBER_OBJECT_CONVERSION = YES_AGGRESSIVE;
				CLANG_CXX_LANGUAGE_STANDARD = "gnu++14";
				CLANG_CXX_LIBRARY = "libc++";
				CLANG_ENABLE_MODULES = YES;
				CLANG_ENABLE_OBJC_ARC = YES;
				CLANG_ENABLE_OBJC_WEAK = YES;
				CLANG_WARN_BLOCK_CAPTURE_AUTORELEASING = YES;
				CLANG_WARN_BOOL_CONVERSION = YES;
				CLANG_WARN_COMMA = YES;
				CLANG_WARN_CONSTANT_CONVERSION = YES;
				CLANG_WARN_DEPRECATED_OBJC_IMPLEMENTATIONS = YES;
				CLANG_WARN_DIRECT_OBJC_ISA_USAGE = YES_ERROR;
				CLANG_WARN_DOCUMENTATION_COMMENTS = YES;
				CLANG_WARN_EMPTY_BODY = YES;
				CLANG_WARN_ENUM_CONVERSION = YES;
				CLANG_WARN_INFINITE_RECURSION = YES;
				CLANG_WARN_INT_CONVERSION = YES;
				CLANG_WARN_NON_LITERAL_NULL_CONVERSION = YES;
				CLANG_WARN_OBJC_IMPLICIT_RETAIN_SELF = YES;
				CLANG_WARN_OBJC_LITERAL_CONVERSION = YES;
				CLANG_WARN_OBJC_ROOT_CLASS = YES_ERROR;
				CLANG_WARN_RANGE_LOOP_ANALYSIS = YES;
				CLANG_WARN_STRICT_PROTOTYPES = YES;
				CLANG_WARN_SUSPICIOUS_MOVE = YES;
				CLANG_WARN_UNGUARDED_AVAILABILITY = YES_AGGRESSIVE;
				CLANG_WARN_UNREACHABLE_CODE = YES;
				CLANG_WARN__DUPLICATE_METHOD_MATCH = YES;
				CODE_SIGN_IDENTITY = "iPhone Developer";
				COPY_PHASE_STRIP = NO;
				DEBUG_INFORMATION_FORMAT = dwarf;
				ENABLE_STRICT_OBJC_MSGSEND = YES;
				ENABLE_TESTABILITY = YES;
				GCC_C_LANGUAGE_STANDARD = gnu11;
				GCC_DYNAMIC_NO_PIC = NO;
				GCC_NO_COMMON_BLOCKS = YES;
				GCC_OPTIMIZATION_LEVEL = 0;
				GCC_PREPROCESSOR_DEFINITIONS = (
					"DEBUG=1",
					"$(inherited)",
				);
				GCC_WARN_64_TO_32_BIT_CONVERSION = YES;
				GCC_WARN_ABOUT_RETURN_TYPE = YES_ERROR;
				GCC_WARN_UNDECLARED_SELECTOR = YES;
				GCC_WARN_UNINITIALIZED_AUTOS = YES_AGGRESSIVE;
				GCC_WARN_UNUSED_FUNCTION = YES;
				GCC_WARN_UNUSED_VARIABLE = YES;
				IPHONEOS_DEPLOYMENT_TARGET = 12.1;
				MTL_ENABLE_DEBUG_INFO = INCLUDE_SOURCE;
				MTL_FAST_MATH = YES;
				ONLY_ACTIVE_ARCH = YES;
				SDKROOT = iphoneos;
				SWIFT_ACTIVE_COMPILATION_CONDITIONS = DEBUG;
				SWIFT_OPTIMIZATION_LEVEL = "-Onone";
			};
			name = Debug;
		};
		C3A2F0BF21FACD070078E15C /* Release */ = {
			isa = XCBuildConfiguration;
			buildSettings = {
				ALWAYS_SEARCH_USER_PATHS = NO;
				CLANG_ANALYZER_NONNULL = YES;
				CLANG_ANALYZER_NUMBER_OBJECT_CONVERSION = YES_AGGRESSIVE;
				CLANG_CXX_LANGUAGE_STANDARD = "gnu++14";
				CLANG_CXX_LIBRARY = "libc++";
				CLANG_ENABLE_MODULES = YES;
				CLANG_ENABLE_OBJC_ARC = YES;
				CLANG_ENABLE_OBJC_WEAK = YES;
				CLANG_WARN_BLOCK_CAPTURE_AUTORELEASING = YES;
				CLANG_WARN_BOOL_CONVERSION = YES;
				CLANG_WARN_COMMA = YES;
				CLANG_WARN_CONSTANT_CONVERSION = YES;
				CLANG_WARN_DEPRECATED_OBJC_IMPLEMENTATIONS = YES;
				CLANG_WARN_DIRECT_OBJC_ISA_USAGE = YES_ERROR;
				CLANG_WARN_DOCUMENTATION_COMMENTS = YES;
				CLANG_WARN_EMPTY_BODY = YES;
				CLANG_WARN_ENUM_CONVERSION = YES;
				CLANG_WARN_INFINITE_RECURSION = YES;
				CLANG_WARN_INT_CONVERSION = YES;
				CLANG_WARN_NON_LITERAL_NULL_CONVERSION = YES;
				CLANG_WARN_OBJC_IMPLICIT_RETAIN_SELF = YES;
				CLANG_WARN_OBJC_LITERAL_CONVERSION = YES;
				CLANG_WARN_OBJC_ROOT_CLASS = YES_ERROR;
				CLANG_WARN_RANGE_LOOP_ANALYSIS = YES;
				CLANG_WARN_STRICT_PROTOTYPES = YES;
				CLANG_WARN_SUSPICIOUS_MOVE = YES;
				CLANG_WARN_UNGUARDED_AVAILABILITY = YES_AGGRESSIVE;
				CLANG_WARN_UNREACHABLE_CODE = YES;
				CLANG_WARN__DUPLICATE_METHOD_MATCH = YES;
				CODE_SIGN_IDENTITY = "iPhone Developer";
				COPY_PHASE_STRIP = NO;
				DEBUG_INFORMATION_FORMAT = "dwarf-with-dsym";
				ENABLE_NS_ASSERTIONS = NO;
				ENABLE_STRICT_OBJC_MSGSEND = YES;
				GCC_C_LANGUAGE_STANDARD = gnu11;
				GCC_NO_COMMON_BLOCKS = YES;
				GCC_WARN_64_TO_32_BIT_CONVERSION = YES;
				GCC_WARN_ABOUT_RETURN_TYPE = YES_ERROR;
				GCC_WARN_UNDECLARED_SELECTOR = YES;
				GCC_WARN_UNINITIALIZED_AUTOS = YES_AGGRESSIVE;
				GCC_WARN_UNUSED_FUNCTION = YES;
				GCC_WARN_UNUSED_VARIABLE = YES;
				IPHONEOS_DEPLOYMENT_TARGET = 12.1;
				MTL_ENABLE_DEBUG_INFO = NO;
				MTL_FAST_MATH = YES;
				SDKROOT = iphoneos;
				SWIFT_COMPILATION_MODE = wholemodule;
				SWIFT_OPTIMIZATION_LEVEL = "-O";
				VALIDATE_PRODUCT = YES;
			};
			name = Release;
		};
		C3A2F0C121FACD070078E15C /* Debug */ = {
			isa = XCBuildConfiguration;
			buildSettings = {
				ASSETCATALOG_COMPILER_APPICON_NAME = AppIcon;
				CODE_SIGN_STYLE = Automatic;
				DEVELOPMENT_TEAM = M3D3RN4KN5;
				INFOPLIST_FILE = uaftraffic/Info.plist;
				LD_RUNPATH_SEARCH_PATHS = (
					"$(inherited)",
					"@executable_path/Frameworks",
				);
				PRODUCT_BUNDLE_IDENTIFIER = edu.uaf.cs.uaftraffic;
				PRODUCT_NAME = "$(TARGET_NAME)";
				SWIFT_VERSION = 4.2;
				TARGETED_DEVICE_FAMILY = "1,2";
			};
			name = Debug;
		};
		C3A2F0C221FACD070078E15C /* Release */ = {
			isa = XCBuildConfiguration;
			buildSettings = {
				ASSETCATALOG_COMPILER_APPICON_NAME = AppIcon;
				CODE_SIGN_STYLE = Automatic;
				DEVELOPMENT_TEAM = M3D3RN4KN5;
				INFOPLIST_FILE = uaftraffic/Info.plist;
				LD_RUNPATH_SEARCH_PATHS = (
					"$(inherited)",
					"@executable_path/Frameworks",
				);
				PRODUCT_BUNDLE_IDENTIFIER = edu.uaf.cs.uaftraffic;
				PRODUCT_NAME = "$(TARGET_NAME)";
				SWIFT_VERSION = 4.2;
				TARGETED_DEVICE_FAMILY = "1,2";
			};
			name = Release;
		};
		C3A2F0C421FACD070078E15C /* Debug */ = {
			isa = XCBuildConfiguration;
			buildSettings = {
				ALWAYS_EMBED_SWIFT_STANDARD_LIBRARIES = YES;
				BUNDLE_LOADER = "$(TEST_HOST)";
				CODE_SIGN_STYLE = Automatic;
				DEVELOPMENT_TEAM = VL2QAQ3CXK;
				INFOPLIST_FILE = uaftrafficTests/Info.plist;
				LD_RUNPATH_SEARCH_PATHS = (
					"$(inherited)",
					"@executable_path/Frameworks",
					"@loader_path/Frameworks",
				);
				PRODUCT_BUNDLE_IDENTIFIER = "Metzgar-Research.uaftrafficTests";
				PRODUCT_NAME = "$(TARGET_NAME)";
				SWIFT_VERSION = 4.2;
				TARGETED_DEVICE_FAMILY = "1,2";
				TEST_HOST = "$(BUILT_PRODUCTS_DIR)/uaftraffic.app/uaftraffic";
			};
			name = Debug;
		};
		C3A2F0C521FACD070078E15C /* Release */ = {
			isa = XCBuildConfiguration;
			buildSettings = {
				ALWAYS_EMBED_SWIFT_STANDARD_LIBRARIES = YES;
				BUNDLE_LOADER = "$(TEST_HOST)";
				CODE_SIGN_STYLE = Automatic;
				DEVELOPMENT_TEAM = VL2QAQ3CXK;
				INFOPLIST_FILE = uaftrafficTests/Info.plist;
				LD_RUNPATH_SEARCH_PATHS = (
					"$(inherited)",
					"@executable_path/Frameworks",
					"@loader_path/Frameworks",
				);
				PRODUCT_BUNDLE_IDENTIFIER = "Metzgar-Research.uaftrafficTests";
				PRODUCT_NAME = "$(TARGET_NAME)";
				SWIFT_VERSION = 4.2;
				TARGETED_DEVICE_FAMILY = "1,2";
				TEST_HOST = "$(BUILT_PRODUCTS_DIR)/uaftraffic.app/uaftraffic";
			};
			name = Release;
		};
		C3A2F0C721FACD070078E15C /* Debug */ = {
			isa = XCBuildConfiguration;
			buildSettings = {
				ALWAYS_EMBED_SWIFT_STANDARD_LIBRARIES = YES;
				CODE_SIGN_STYLE = Automatic;
				DEVELOPMENT_TEAM = VL2QAQ3CXK;
				INFOPLIST_FILE = uaftrafficUITests/Info.plist;
				LD_RUNPATH_SEARCH_PATHS = (
					"$(inherited)",
					"@executable_path/Frameworks",
					"@loader_path/Frameworks",
				);
				PRODUCT_BUNDLE_IDENTIFIER = "Metzgar-Research.uaftrafficUITests";
				PRODUCT_NAME = "$(TARGET_NAME)";
				SWIFT_VERSION = 4.2;
				TARGETED_DEVICE_FAMILY = "1,2";
				TEST_TARGET_NAME = uaftraffic;
			};
			name = Debug;
		};
		C3A2F0C821FACD070078E15C /* Release */ = {
			isa = XCBuildConfiguration;
			buildSettings = {
				ALWAYS_EMBED_SWIFT_STANDARD_LIBRARIES = YES;
				CODE_SIGN_STYLE = Automatic;
				DEVELOPMENT_TEAM = VL2QAQ3CXK;
				INFOPLIST_FILE = uaftrafficUITests/Info.plist;
				LD_RUNPATH_SEARCH_PATHS = (
					"$(inherited)",
					"@executable_path/Frameworks",
					"@loader_path/Frameworks",
				);
				PRODUCT_BUNDLE_IDENTIFIER = "Metzgar-Research.uaftrafficUITests";
				PRODUCT_NAME = "$(TARGET_NAME)";
				SWIFT_VERSION = 4.2;
				TARGETED_DEVICE_FAMILY = "1,2";
				TEST_TARGET_NAME = uaftraffic;
			};
			name = Release;
		};
/* End XCBuildConfiguration section */

/* Begin XCConfigurationList section */
		C3A2F09321FACD060078E15C /* Build configuration list for PBXProject "uaftraffic" */ = {
			isa = XCConfigurationList;
			buildConfigurations = (
				C3A2F0BE21FACD070078E15C /* Debug */,
				C3A2F0BF21FACD070078E15C /* Release */,
			);
			defaultConfigurationIsVisible = 0;
			defaultConfigurationName = Release;
		};
		C3A2F0C021FACD070078E15C /* Build configuration list for PBXNativeTarget "uaftraffic" */ = {
			isa = XCConfigurationList;
			buildConfigurations = (
				C3A2F0C121FACD070078E15C /* Debug */,
				C3A2F0C221FACD070078E15C /* Release */,
			);
			defaultConfigurationIsVisible = 0;
			defaultConfigurationName = Release;
		};
		C3A2F0C321FACD070078E15C /* Build configuration list for PBXNativeTarget "uaftrafficTests" */ = {
			isa = XCConfigurationList;
			buildConfigurations = (
				C3A2F0C421FACD070078E15C /* Debug */,
				C3A2F0C521FACD070078E15C /* Release */,
			);
			defaultConfigurationIsVisible = 0;
			defaultConfigurationName = Release;
		};
		C3A2F0C621FACD070078E15C /* Build configuration list for PBXNativeTarget "uaftrafficUITests" */ = {
			isa = XCConfigurationList;
			buildConfigurations = (
				C3A2F0C721FACD070078E15C /* Debug */,
				C3A2F0C821FACD070078E15C /* Release */,
			);
			defaultConfigurationIsVisible = 0;
			defaultConfigurationName = Release;
		};
/* End XCConfigurationList section */
	};
	rootObject = C3A2F09021FACD060078E15C /* Project object */;
}
