// !$*UTF8*$!
{
	archiveVersion = 1;
	classes = {
	};
	objectVersion = 50;
	objects = {

/* Begin PBXBuildFile section */
		24B702E2222FBCCD007D7755 /* SessionManager.swift in Sources */ = {isa = PBXBuildFile; fileRef = 24B702DA222D0E45007D7755 /* SessionManager.swift */; };
		24B702E3222FBCCD007D7755 /* Session.swift in Sources */ = {isa = PBXBuildFile; fileRef = 24B702DC222D132E007D7755 /* Session.swift */; };
		263ABEDD22FA46E000D02075 /* Formatters.swift in Sources */ = {isa = PBXBuildFile; fileRef = 263ABEDC22FA46E000D02075 /* Formatters.swift */; };
		2653FC6D22C43A9000D65962 /* VehicleSelectViewController.swift in Sources */ = {isa = PBXBuildFile; fileRef = 2653FC6C22C43A9000D65962 /* VehicleSelectViewController.swift */; };
		2654A1ED22C1990B00A4FE25 /* DirectionSelectViewController.swift in Sources */ = {isa = PBXBuildFile; fileRef = 2654A1EC22C1990B00A4FE25 /* DirectionSelectViewController.swift */; };
		26651C1E22FBAAF4001EFFD5 /* SessionInfoViewController.swift in Sources */ = {isa = PBXBuildFile; fileRef = 26651C1D22FBAAF4001EFFD5 /* SessionInfoViewController.swift */; };
		26C9886922E2247C00ED75FA /* TrafficSummaryViewController.swift in Sources */ = {isa = PBXBuildFile; fileRef = 26C9886822E2247C00ED75FA /* TrafficSummaryViewController.swift */; };
		26C9886B22E225C200ED75FA /* TrafficSummaryViewCell.swift in Sources */ = {isa = PBXBuildFile; fileRef = 26C9886A22E225C200ED75FA /* TrafficSummaryViewCell.swift */; };
		9D272DD9227C3083005C5969 /* ding.wav in Resources */ = {isa = PBXBuildFile; fileRef = 9D272DD8227C3083005C5969 /* ding.wav */; };
		9D272DDB227C308A005C5969 /* error.wav in Resources */ = {isa = PBXBuildFile; fileRef = 9D272DDA227C308A005C5969 /* error.wav */; };
		9D2EC4902223CE63002FA1DD /* BigFancyButton.swift in Sources */ = {isa = PBXBuildFile; fileRef = 9D2EC48F2223CE63002FA1DD /* BigFancyButton.swift */; };
		9D2EC4942223D428002FA1DD /* ManageSessionsViewController.swift in Sources */ = {isa = PBXBuildFile; fileRef = 9D2EC4932223D428002FA1DD /* ManageSessionsViewController.swift */; };
		9D2EC4962223D749002FA1DD /* TrafficCountViewController.swift in Sources */ = {isa = PBXBuildFile; fileRef = 9D2EC4952223D749002FA1DD /* TrafficCountViewController.swift */; };
		9D2EC49A22252B92002FA1DD /* ResumeSessionViewController.swift in Sources */ = {isa = PBXBuildFile; fileRef = 9D2EC49922252B92002FA1DD /* ResumeSessionViewController.swift */; };
		9D430E2E224A26AD000298D8 /* ManageSessionCell.swift in Sources */ = {isa = PBXBuildFile; fileRef = 9D430E2D224A26AD000298D8 /* ManageSessionCell.swift */; };
		9D62C55F2250D1D90080E0EF /* ResumeSessionCell.swift in Sources */ = {isa = PBXBuildFile; fileRef = 9D62C55E2250D1D90080E0EF /* ResumeSessionCell.swift */; };
		9D62C5612250E27E0080E0EF /* SessionDetailsViewController.swift in Sources */ = {isa = PBXBuildFile; fileRef = 9D62C5602250E27E0080E0EF /* SessionDetailsViewController.swift */; };
		9D62C563225329CC0080E0EF /* SessionDetailsCrossingCell.swift in Sources */ = {isa = PBXBuildFile; fileRef = 9D62C562225329CC0080E0EF /* SessionDetailsCrossingCell.swift */; };
		9D62C565225337630080E0EF /* NetworkManager.swift in Sources */ = {isa = PBXBuildFile; fileRef = 9D62C564225337630080E0EF /* NetworkManager.swift */; };
		9D62C567225337F50080E0EF /* Settings.bundle in Resources */ = {isa = PBXBuildFile; fileRef = 9D62C566225337F40080E0EF /* Settings.bundle */; };
		9DBF1482222CE05000285979 /* SessionManagerTests.swift in Sources */ = {isa = PBXBuildFile; fileRef = 9DBF1481222CE05000285979 /* SessionManagerTests.swift */; };
		9DBF1484222CF1F100285979 /* SessionTests.swift in Sources */ = {isa = PBXBuildFile; fileRef = 9DBF1483222CF1F100285979 /* SessionTests.swift */; };
		9DE934CE2207B8540000255D /* VehicleView.swift in Sources */ = {isa = PBXBuildFile; fileRef = 9DE934CD2207B8540000255D /* VehicleView.swift */; };
		9DE934D72207CA3D0000255D /* PinEntryViewController.swift in Sources */ = {isa = PBXBuildFile; fileRef = 9DE934D62207CA3D0000255D /* PinEntryViewController.swift */; };
		C33B153623501F9A007FE022 /* AVFoundation.framework in Frameworks */ = {isa = PBXBuildFile; fileRef = C33B153523501F9A007FE022 /* AVFoundation.framework */; };
		C33D02CE234FC5B4005C5B52 /* Crossing.swift in Sources */ = {isa = PBXBuildFile; fileRef = C33D02CD234FC5B4005C5B52 /* Crossing.swift */; };
		C353C8AD23515E820029793F /* SessionOverviewTableViewController.swift in Sources */ = {isa = PBXBuildFile; fileRef = C353C8AC23515E820029793F /* SessionOverviewTableViewController.swift */; };
		C3A2F09C21FACD060078E15C /* AppDelegate.swift in Sources */ = {isa = PBXBuildFile; fileRef = C3A2F09B21FACD060078E15C /* AppDelegate.swift */; };
		C3A2F0A121FACD060078E15C /* Main.storyboard in Resources */ = {isa = PBXBuildFile; fileRef = C3A2F09F21FACD060078E15C /* Main.storyboard */; };
		C3A2F0A321FACD070078E15C /* Assets.xcassets in Resources */ = {isa = PBXBuildFile; fileRef = C3A2F0A221FACD070078E15C /* Assets.xcassets */; };
		C3A2F0A621FACD070078E15C /* LaunchScreen.storyboard in Resources */ = {isa = PBXBuildFile; fileRef = C3A2F0A421FACD070078E15C /* LaunchScreen.storyboard */; };
		C3A2F0BC21FACD070078E15C /* uaftrafficUITests.swift in Sources */ = {isa = PBXBuildFile; fileRef = C3A2F0BB21FACD070078E15C /* uaftrafficUITests.swift */; };
/* End PBXBuildFile section */

/* Begin PBXContainerItemProxy section */
		C3A2F0AD21FACD070078E15C /* PBXContainerItemProxy */ = {
			isa = PBXContainerItemProxy;
			containerPortal = C3A2F09021FACD060078E15C /* Project object */;
			proxyType = 1;
			remoteGlobalIDString = C3A2F09721FACD060078E15C;
			remoteInfo = uaftraffic;
		};
		C3A2F0B821FACD070078E15C /* PBXContainerItemProxy */ = {
			isa = PBXContainerItemProxy;
			containerPortal = C3A2F09021FACD060078E15C /* Project object */;
			proxyType = 1;
			remoteGlobalIDString = C3A2F09721FACD060078E15C;
			remoteInfo = uaftraffic;
		};
/* End PBXContainerItemProxy section */

/* Begin PBXFileReference section */
		24B702DA222D0E45007D7755 /* SessionManager.swift */ = {isa = PBXFileReference; lastKnownFileType = sourcecode.swift; path = SessionManager.swift; sourceTree = "<group>"; };
		24B702DC222D132E007D7755 /* Session.swift */ = {isa = PBXFileReference; lastKnownFileType = sourcecode.swift; path = Session.swift; sourceTree = "<group>"; };
		263ABEDC22FA46E000D02075 /* Formatters.swift */ = {isa = PBXFileReference; lastKnownFileType = sourcecode.swift; path = Formatters.swift; sourceTree = "<group>"; };
		2653FC6C22C43A9000D65962 /* VehicleSelectViewController.swift */ = {isa = PBXFileReference; lastKnownFileType = sourcecode.swift; path = VehicleSelectViewController.swift; sourceTree = "<group>"; };
		2654A1EC22C1990B00A4FE25 /* DirectionSelectViewController.swift */ = {isa = PBXFileReference; lastKnownFileType = sourcecode.swift; path = DirectionSelectViewController.swift; sourceTree = "<group>"; };
		26651C1D22FBAAF4001EFFD5 /* SessionInfoViewController.swift */ = {isa = PBXFileReference; lastKnownFileType = sourcecode.swift; path = SessionInfoViewController.swift; sourceTree = "<group>"; };
		26C9886822E2247C00ED75FA /* TrafficSummaryViewController.swift */ = {isa = PBXFileReference; lastKnownFileType = sourcecode.swift; path = TrafficSummaryViewController.swift; sourceTree = "<group>"; };
		26C9886A22E225C200ED75FA /* TrafficSummaryViewCell.swift */ = {isa = PBXFileReference; lastKnownFileType = sourcecode.swift; path = TrafficSummaryViewCell.swift; sourceTree = "<group>"; };
		9D272DD8227C3083005C5969 /* ding.wav */ = {isa = PBXFileReference; lastKnownFileType = audio.wav; path = ding.wav; sourceTree = "<group>"; };
		9D272DDA227C308A005C5969 /* error.wav */ = {isa = PBXFileReference; lastKnownFileType = audio.wav; path = error.wav; sourceTree = "<group>"; };
		9D2EC48F2223CE63002FA1DD /* BigFancyButton.swift */ = {isa = PBXFileReference; lastKnownFileType = sourcecode.swift; path = BigFancyButton.swift; sourceTree = "<group>"; };
		9D2EC4932223D428002FA1DD /* ManageSessionsViewController.swift */ = {isa = PBXFileReference; lastKnownFileType = sourcecode.swift; path = ManageSessionsViewController.swift; sourceTree = "<group>"; };
		9D2EC4952223D749002FA1DD /* TrafficCountViewController.swift */ = {isa = PBXFileReference; lastKnownFileType = sourcecode.swift; path = TrafficCountViewController.swift; sourceTree = "<group>"; };
		9D2EC49922252B92002FA1DD /* ResumeSessionViewController.swift */ = {isa = PBXFileReference; lastKnownFileType = sourcecode.swift; path = ResumeSessionViewController.swift; sourceTree = "<group>"; };
		9D430E2D224A26AD000298D8 /* ManageSessionCell.swift */ = {isa = PBXFileReference; lastKnownFileType = sourcecode.swift; path = ManageSessionCell.swift; sourceTree = "<group>"; };
		9D62C55E2250D1D90080E0EF /* ResumeSessionCell.swift */ = {isa = PBXFileReference; lastKnownFileType = sourcecode.swift; path = ResumeSessionCell.swift; sourceTree = "<group>"; };
		9D62C5602250E27E0080E0EF /* SessionDetailsViewController.swift */ = {isa = PBXFileReference; lastKnownFileType = sourcecode.swift; path = SessionDetailsViewController.swift; sourceTree = "<group>"; };
		9D62C562225329CC0080E0EF /* SessionDetailsCrossingCell.swift */ = {isa = PBXFileReference; lastKnownFileType = sourcecode.swift; path = SessionDetailsCrossingCell.swift; sourceTree = "<group>"; };
		9D62C564225337630080E0EF /* NetworkManager.swift */ = {isa = PBXFileReference; lastKnownFileType = sourcecode.swift; path = NetworkManager.swift; sourceTree = "<group>"; };
		9D62C566225337F40080E0EF /* Settings.bundle */ = {isa = PBXFileReference; lastKnownFileType = "wrapper.plug-in"; path = Settings.bundle; sourceTree = "<group>"; };
		9DBF1481222CE05000285979 /* SessionManagerTests.swift */ = {isa = PBXFileReference; lastKnownFileType = sourcecode.swift; path = SessionManagerTests.swift; sourceTree = "<group>"; };
		9DBF1483222CF1F100285979 /* SessionTests.swift */ = {isa = PBXFileReference; lastKnownFileType = sourcecode.swift; path = SessionTests.swift; sourceTree = "<group>"; };
		9DE934CD2207B8540000255D /* VehicleView.swift */ = {isa = PBXFileReference; lastKnownFileType = sourcecode.swift; path = VehicleView.swift; sourceTree = "<group>"; };
		9DE934D62207CA3D0000255D /* PinEntryViewController.swift */ = {isa = PBXFileReference; lastKnownFileType = sourcecode.swift; path = PinEntryViewController.swift; sourceTree = "<group>"; };
		C33B153523501F9A007FE022 /* AVFoundation.framework */ = {isa = PBXFileReference; lastKnownFileType = wrapper.framework; name = AVFoundation.framework; path = System/Library/Frameworks/AVFoundation.framework; sourceTree = SDKROOT; };
		C33D02CD234FC5B4005C5B52 /* Crossing.swift */ = {isa = PBXFileReference; fileEncoding = 4; lastKnownFileType = sourcecode.swift; path = Crossing.swift; sourceTree = "<group>"; };
		C353C8AC23515E820029793F /* SessionOverviewTableViewController.swift */ = {isa = PBXFileReference; lastKnownFileType = sourcecode.swift; name = SessionOverviewTableViewController.swift; path = uaftraffic/SessionOverviewTableViewController.swift; sourceTree = "<group>"; };
		C3A2F09821FACD060078E15C /* UAF Traffic.app */ = {isa = PBXFileReference; explicitFileType = wrapper.application; includeInIndex = 0; path = "UAF Traffic.app"; sourceTree = BUILT_PRODUCTS_DIR; };
		C3A2F09B21FACD060078E15C /* AppDelegate.swift */ = {isa = PBXFileReference; lastKnownFileType = sourcecode.swift; path = AppDelegate.swift; sourceTree = "<group>"; };
		C3A2F0A021FACD060078E15C /* Base */ = {isa = PBXFileReference; lastKnownFileType = file.storyboard; name = Base; path = Base.lproj/Main.storyboard; sourceTree = "<group>"; };
		C3A2F0A221FACD070078E15C /* Assets.xcassets */ = {isa = PBXFileReference; lastKnownFileType = folder.assetcatalog; path = Assets.xcassets; sourceTree = "<group>"; };
		C3A2F0A521FACD070078E15C /* Base */ = {isa = PBXFileReference; lastKnownFileType = file.storyboard; name = Base; path = Base.lproj/LaunchScreen.storyboard; sourceTree = "<group>"; };
		C3A2F0A721FACD070078E15C /* Info.plist */ = {isa = PBXFileReference; lastKnownFileType = text.plist.xml; path = Info.plist; sourceTree = "<group>"; };
		C3A2F0AC21FACD070078E15C /* uaftrafficTests.xctest */ = {isa = PBXFileReference; explicitFileType = wrapper.cfbundle; includeInIndex = 0; path = uaftrafficTests.xctest; sourceTree = BUILT_PRODUCTS_DIR; };
		C3A2F0B221FACD070078E15C /* Info.plist */ = {isa = PBXFileReference; lastKnownFileType = text.plist.xml; path = Info.plist; sourceTree = "<group>"; };
		C3A2F0B721FACD070078E15C /* uaftrafficUITests.xctest */ = {isa = PBXFileReference; explicitFileType = wrapper.cfbundle; includeInIndex = 0; path = uaftrafficUITests.xctest; sourceTree = BUILT_PRODUCTS_DIR; };
		C3A2F0BB21FACD070078E15C /* uaftrafficUITests.swift */ = {isa = PBXFileReference; lastKnownFileType = sourcecode.swift; path = uaftrafficUITests.swift; sourceTree = "<group>"; };
		C3A2F0BD21FACD070078E15C /* Info.plist */ = {isa = PBXFileReference; lastKnownFileType = text.plist.xml; path = Info.plist; sourceTree = "<group>"; };
/* End PBXFileReference section */

/* Begin PBXFrameworksBuildPhase section */
		C3A2F09521FACD060078E15C /* Frameworks */ = {
			isa = PBXFrameworksBuildPhase;
			buildActionMask = 2147483647;
			files = (
				C33B153623501F9A007FE022 /* AVFoundation.framework in Frameworks */,
			);
			runOnlyForDeploymentPostprocessing = 0;
		};
		C3A2F0A921FACD070078E15C /* Frameworks */ = {
			isa = PBXFrameworksBuildPhase;
			buildActionMask = 2147483647;
			files = (
			);
			runOnlyForDeploymentPostprocessing = 0;
		};
		C3A2F0B421FACD070078E15C /* Frameworks */ = {
			isa = PBXFrameworksBuildPhase;
			buildActionMask = 2147483647;
			files = (
			);
			runOnlyForDeploymentPostprocessing = 0;
		};
/* End PBXFrameworksBuildPhase section */

/* Begin PBXGroup section */
		9DE934C22207AEC90000255D /* Assets */ = {
			isa = PBXGroup;
			children = (
				9D272DD8227C3083005C5969 /* ding.wav */,
				9D272DDA227C308A005C5969 /* error.wav */,
			);
			name = Assets;
			path = ../../assets;
			sourceTree = "<group>";
		};
		C33B153423501F99007FE022 /* Frameworks */ = {
			isa = PBXGroup;
			children = (
				C33B153523501F9A007FE022 /* AVFoundation.framework */,
			);
			name = Frameworks;
			sourceTree = "<group>";
		};
		C3A2F08F21FACD060078E15C = {
			isa = PBXGroup;
			children = (
				C353C8AC23515E820029793F /* SessionOverviewTableViewController.swift */,
				C3A2F09A21FACD060078E15C /* uaftraffic */,
				C3A2F0AF21FACD070078E15C /* uaftrafficTests */,
				C3A2F0BA21FACD070078E15C /* uaftrafficUITests */,
				C3A2F09921FACD060078E15C /* Products */,
				C33B153423501F99007FE022 /* Frameworks */,
			);
			sourceTree = "<group>";
		};
		C3A2F09921FACD060078E15C /* Products */ = {
			isa = PBXGroup;
			children = (
				C3A2F09821FACD060078E15C /* UAF Traffic.app */,
				C3A2F0AC21FACD070078E15C /* uaftrafficTests.xctest */,
				C3A2F0B721FACD070078E15C /* uaftrafficUITests.xctest */,
			);
			name = Products;
			sourceTree = "<group>";
		};
		C3A2F09A21FACD060078E15C /* uaftraffic */ = {
			isa = PBXGroup;
			children = (
				9DE934C22207AEC90000255D /* Assets */,
				C3A2F0A221FACD070078E15C /* Assets.xcassets */,
				C3A2F0A421FACD070078E15C /* LaunchScreen.storyboard */,
				C3A2F0A721FACD070078E15C /* Info.plist */,
				C3A2F09F21FACD060078E15C /* Main.storyboard */,
				C3A2F09B21FACD060078E15C /* AppDelegate.swift */,
				9D2EC48F2223CE63002FA1DD /* BigFancyButton.swift */,
				263ABEDC22FA46E000D02075 /* Formatters.swift */,
				C33D02CD234FC5B4005C5B52 /* Crossing.swift */,
				24B702DC222D132E007D7755 /* Session.swift */,
				2654A1EC22C1990B00A4FE25 /* DirectionSelectViewController.swift */,
				9D430E2D224A26AD000298D8 /* ManageSessionCell.swift */,
				9D2EC4932223D428002FA1DD /* ManageSessionsViewController.swift */,
				9D62C564225337630080E0EF /* NetworkManager.swift */,
				9DE934D62207CA3D0000255D /* PinEntryViewController.swift */,
				9D62C55E2250D1D90080E0EF /* ResumeSessionCell.swift */,
				9D2EC49922252B92002FA1DD /* ResumeSessionViewController.swift */,
				9D62C5602250E27E0080E0EF /* SessionDetailsViewController.swift */,
				9D62C562225329CC0080E0EF /* SessionDetailsCrossingCell.swift */,
				26651C1D22FBAAF4001EFFD5 /* SessionInfoViewController.swift */,
				24B702DA222D0E45007D7755 /* SessionManager.swift */,
				9D2EC4952223D749002FA1DD /* TrafficCountViewController.swift */,
				26C9886822E2247C00ED75FA /* TrafficSummaryViewController.swift */,
				26C9886A22E225C200ED75FA /* TrafficSummaryViewCell.swift */,
				2653FC6C22C43A9000D65962 /* VehicleSelectViewController.swift */,
				9DE934CD2207B8540000255D /* VehicleView.swift */,
				9D62C566225337F40080E0EF /* Settings.bundle */,
			);
			path = uaftraffic;
			sourceTree = "<group>";
		};
		C3A2F0AF21FACD070078E15C /* uaftrafficTests */ = {
			isa = PBXGroup;
			children = (
				C3A2F0B221FACD070078E15C /* Info.plist */,
				9DBF1481222CE05000285979 /* SessionManagerTests.swift */,
				9DBF1483222CF1F100285979 /* SessionTests.swift */,
			);
			path = uaftrafficTests;
			sourceTree = "<group>";
		};
		C3A2F0BA21FACD070078E15C /* uaftrafficUITests */ = {
			isa = PBXGroup;
			children = (
				C3A2F0BB21FACD070078E15C /* uaftrafficUITests.swift */,
				C3A2F0BD21FACD070078E15C /* Info.plist */,
			);
			path = uaftrafficUITests;
			sourceTree = "<group>";
		};
/* End PBXGroup section */

/* Begin PBXNativeTarget section */
		C3A2F09721FACD060078E15C /* uaftraffic */ = {
			isa = PBXNativeTarget;
			buildConfigurationList = C3A2F0C021FACD070078E15C /* Build configuration list for PBXNativeTarget "uaftraffic" */;
			buildPhases = (
				C3A2F09421FACD060078E15C /* Sources */,
				C3A2F09521FACD060078E15C /* Frameworks */,
				C3A2F09621FACD060078E15C /* Resources */,
			);
			buildRules = (
			);
			dependencies = (
			);
			name = uaftraffic;
			productName = uaftraffic;
			productReference = C3A2F09821FACD060078E15C /* UAF Traffic.app */;
			productType = "com.apple.product-type.application";
		};
		C3A2F0AB21FACD070078E15C /* uaftrafficTests */ = {
			isa = PBXNativeTarget;
			buildConfigurationList = C3A2F0C321FACD070078E15C /* Build configuration list for PBXNativeTarget "uaftrafficTests" */;
			buildPhases = (
				C3A2F0A821FACD070078E15C /* Sources */,
				C3A2F0A921FACD070078E15C /* Frameworks */,
				C3A2F0AA21FACD070078E15C /* Resources */,
			);
			buildRules = (
			);
			dependencies = (
				C3A2F0AE21FACD070078E15C /* PBXTargetDependency */,
			);
			name = uaftrafficTests;
			productName = uaftrafficTests;
			productReference = C3A2F0AC21FACD070078E15C /* uaftrafficTests.xctest */;
			productType = "com.apple.product-type.bundle.unit-test";
		};
		C3A2F0B621FACD070078E15C /* uaftrafficUITests */ = {
			isa = PBXNativeTarget;
			buildConfigurationList = C3A2F0C621FACD070078E15C /* Build configuration list for PBXNativeTarget "uaftrafficUITests" */;
			buildPhases = (
				C3A2F0B321FACD070078E15C /* Sources */,
				C3A2F0B421FACD070078E15C /* Frameworks */,
				C3A2F0B521FACD070078E15C /* Resources */,
			);
			buildRules = (
			);
			dependencies = (
				C3A2F0B921FACD070078E15C /* PBXTargetDependency */,
			);
			name = uaftrafficUITests;
			productName = uaftrafficUITests;
			productReference = C3A2F0B721FACD070078E15C /* uaftrafficUITests.xctest */;
			productType = "com.apple.product-type.bundle.ui-testing";
		};
/* End PBXNativeTarget section */

/* Begin PBXProject section */
		C3A2F09021FACD060078E15C /* Project object */ = {
			isa = PBXProject;
			attributes = {
				LastSwiftUpdateCheck = 1010;
				LastUpgradeCheck = 1010;
				ORGANIZATIONNAME = "University of Alaska Fairbanks";
				TargetAttributes = {
					C3A2F09721FACD060078E15C = {
						CreatedOnToolsVersion = 10.1;
						LastSwiftMigration = 1030;
					};
					C3A2F0AB21FACD070078E15C = {
						CreatedOnToolsVersion = 10.1;
						LastSwiftMigration = 1030;
						TestTargetID = C3A2F09721FACD060078E15C;
					};
					C3A2F0B621FACD070078E15C = {
						CreatedOnToolsVersion = 10.1;
						LastSwiftMigration = 1030;
						TestTargetID = C3A2F09721FACD060078E15C;
					};
				};
			};
			buildConfigurationList = C3A2F09321FACD060078E15C /* Build configuration list for PBXProject "uaftraffic" */;
			compatibilityVersion = "Xcode 9.3";
			developmentRegion = en;
			hasScannedForEncodings = 0;
			knownRegions = (
				en,
				Base,
			);
			mainGroup = C3A2F08F21FACD060078E15C;
			productRefGroup = C3A2F09921FACD060078E15C /* Products */;
			projectDirPath = "";
			projectRoot = "";
			targets = (
				C3A2F09721FACD060078E15C /* uaftraffic */,
				C3A2F0AB21FACD070078E15C /* uaftrafficTests */,
				C3A2F0B621FACD070078E15C /* uaftrafficUITests */,
			);
		};
/* End PBXProject section */

/* Begin PBXResourcesBuildPhase section */
		C3A2F09621FACD060078E15C /* Resources */ = {
			isa = PBXResourcesBuildPhase;
			buildActionMask = 2147483647;
			files = (
				C3A2F0A621FACD070078E15C /* LaunchScreen.storyboard in Resources */,
				9D272DD9227C3083005C5969 /* ding.wav in Resources */,
				C3A2F0A321FACD070078E15C /* Assets.xcassets in Resources */,
				9D62C567225337F50080E0EF /* Settings.bundle in Resources */,
				C3A2F0A121FACD060078E15C /* Main.storyboard in Resources */,
				9D272DDB227C308A005C5969 /* error.wav in Resources */,
			);
			runOnlyForDeploymentPostprocessing = 0;
		};
		C3A2F0AA21FACD070078E15C /* Resources */ = {
			isa = PBXResourcesBuildPhase;
			buildActionMask = 2147483647;
			files = (
			);
			runOnlyForDeploymentPostprocessing = 0;
		};
		C3A2F0B521FACD070078E15C /* Resources */ = {
			isa = PBXResourcesBuildPhase;
			buildActionMask = 2147483647;
			files = (
			);
			runOnlyForDeploymentPostprocessing = 0;
		};
/* End PBXResourcesBuildPhase section */

/* Begin PBXSourcesBuildPhase section */
		C3A2F09421FACD060078E15C /* Sources */ = {
			isa = PBXSourcesBuildPhase;
			buildActionMask = 2147483647;
			files = (
				24B702E2222FBCCD007D7755 /* SessionManager.swift in Sources */,
				2653FC6D22C43A9000D65962 /* VehicleSelectViewController.swift in Sources */,
				24B702E3222FBCCD007D7755 /* Session.swift in Sources */,
				9D2EC49A22252B92002FA1DD /* ResumeSessionViewController.swift in Sources */,
				9D430E2E224A26AD000298D8 /* ManageSessionCell.swift in Sources */,
				9DE934CE2207B8540000255D /* VehicleView.swift in Sources */,
				9D2EC4962223D749002FA1DD /* TrafficCountViewController.swift in Sources */,
				2654A1ED22C1990B00A4FE25 /* DirectionSelectViewController.swift in Sources */,
				9D2EC4902223CE63002FA1DD /* BigFancyButton.swift in Sources */,
				26C9886B22E225C200ED75FA /* TrafficSummaryViewCell.swift in Sources */,
				9DE934D72207CA3D0000255D /* PinEntryViewController.swift in Sources */,
				26C9886922E2247C00ED75FA /* TrafficSummaryViewController.swift in Sources */,
				9D62C55F2250D1D90080E0EF /* ResumeSessionCell.swift in Sources */,
				263ABEDD22FA46E000D02075 /* Formatters.swift in Sources */,
				9D2EC4942223D428002FA1DD /* ManageSessionsViewController.swift in Sources */,
				9D62C565225337630080E0EF /* NetworkManager.swift in Sources */,
				9D62C5612250E27E0080E0EF /* SessionDetailsViewController.swift in Sources */,
				26651C1E22FBAAF4001EFFD5 /* SessionInfoViewController.swift in Sources */,
				9D62C563225329CC0080E0EF /* SessionDetailsCrossingCell.swift in Sources */,
				C3A2F09C21FACD060078E15C /* AppDelegate.swift in Sources */,
				C33D02CE234FC5B4005C5B52 /* Crossing.swift in Sources */,
				C353C8AD23515E820029793F /* SessionOverviewTableViewController.swift in Sources */,
			);
			runOnlyForDeploymentPostprocessing = 0;
		};
		C3A2F0A821FACD070078E15C /* Sources */ = {
			isa = PBXSourcesBuildPhase;
			buildActionMask = 2147483647;
			files = (
				9DBF1484222CF1F100285979 /* SessionTests.swift in Sources */,
				9DBF1482222CE05000285979 /* SessionManagerTests.swift in Sources */,
			);
			runOnlyForDeploymentPostprocessing = 0;
		};
		C3A2F0B321FACD070078E15C /* Sources */ = {
			isa = PBXSourcesBuildPhase;
			buildActionMask = 2147483647;
			files = (
				C3A2F0BC21FACD070078E15C /* uaftrafficUITests.swift in Sources */,
			);
			runOnlyForDeploymentPostprocessing = 0;
		};
/* End PBXSourcesBuildPhase section */

/* Begin PBXTargetDependency section */
		C3A2F0AE21FACD070078E15C /* PBXTargetDependency */ = {
			isa = PBXTargetDependency;
			target = C3A2F09721FACD060078E15C /* uaftraffic */;
			targetProxy = C3A2F0AD21FACD070078E15C /* PBXContainerItemProxy */;
		};
		C3A2F0B921FACD070078E15C /* PBXTargetDependency */ = {
			isa = PBXTargetDependency;
			target = C3A2F09721FACD060078E15C /* uaftraffic */;
			targetProxy = C3A2F0B821FACD070078E15C /* PBXContainerItemProxy */;
		};
/* End PBXTargetDependency section */

/* Begin PBXVariantGroup section */
		C3A2F09F21FACD060078E15C /* Main.storyboard */ = {
			isa = PBXVariantGroup;
			children = (
				C3A2F0A021FACD060078E15C /* Base */,
			);
			name = Main.storyboard;
			sourceTree = "<group>";
		};
		C3A2F0A421FACD070078E15C /* LaunchScreen.storyboard */ = {
			isa = PBXVariantGroup;
			children = (
				C3A2F0A521FACD070078E15C /* Base */,
			);
			name = LaunchScreen.storyboard;
			sourceTree = "<group>";
		};
/* End PBXVariantGroup section */

/* Begin XCBuildConfiguration section */
		C3A2F0BE21FACD070078E15C /* Debug */ = {
			isa = XCBuildConfiguration;
			buildSettings = {
				ALWAYS_SEARCH_USER_PATHS = NO;
				CLANG_ANALYZER_NONNULL = YES;
				CLANG_ANALYZER_NUMBER_OBJECT_CONVERSION = YES_AGGRESSIVE;
				CLANG_CXX_LANGUAGE_STANDARD = "gnu++14";
				CLANG_CXX_LIBRARY = "libc++";
				CLANG_ENABLE_MODULES = YES;
				CLANG_ENABLE_OBJC_ARC = YES;
				CLANG_ENABLE_OBJC_WEAK = YES;
				CLANG_WARN_BLOCK_CAPTURE_AUTORELEASING = YES;
				CLANG_WARN_BOOL_CONVERSION = YES;
				CLANG_WARN_COMMA = YES;
				CLANG_WARN_CONSTANT_CONVERSION = YES;
				CLANG_WARN_DEPRECATED_OBJC_IMPLEMENTATIONS = YES;
				CLANG_WARN_DIRECT_OBJC_ISA_USAGE = YES_ERROR;
				CLANG_WARN_DOCUMENTATION_COMMENTS = YES;
				CLANG_WARN_EMPTY_BODY = YES;
				CLANG_WARN_ENUM_CONVERSION = YES;
				CLANG_WARN_INFINITE_RECURSION = YES;
				CLANG_WARN_INT_CONVERSION = YES;
				CLANG_WARN_NON_LITERAL_NULL_CONVERSION = YES;
				CLANG_WARN_OBJC_IMPLICIT_RETAIN_SELF = YES;
				CLANG_WARN_OBJC_LITERAL_CONVERSION = YES;
				CLANG_WARN_OBJC_ROOT_CLASS = YES_ERROR;
				CLANG_WARN_RANGE_LOOP_ANALYSIS = YES;
				CLANG_WARN_STRICT_PROTOTYPES = YES;
				CLANG_WARN_SUSPICIOUS_MOVE = YES;
				CLANG_WARN_UNGUARDED_AVAILABILITY = YES_AGGRESSIVE;
				CLANG_WARN_UNREACHABLE_CODE = YES;
				CLANG_WARN__DUPLICATE_METHOD_MATCH = YES;
				CODE_SIGN_IDENTITY = "iPhone Developer";
				COPY_PHASE_STRIP = NO;
				DEBUG_INFORMATION_FORMAT = dwarf;
				ENABLE_STRICT_OBJC_MSGSEND = YES;
				ENABLE_TESTABILITY = YES;
				GCC_C_LANGUAGE_STANDARD = gnu11;
				GCC_DYNAMIC_NO_PIC = NO;
				GCC_NO_COMMON_BLOCKS = YES;
				GCC_OPTIMIZATION_LEVEL = 0;
				GCC_PREPROCESSOR_DEFINITIONS = (
					"DEBUG=1",
					"$(inherited)",
				);
				GCC_WARN_64_TO_32_BIT_CONVERSION = YES;
				GCC_WARN_ABOUT_RETURN_TYPE = YES_ERROR;
				GCC_WARN_UNDECLARED_SELECTOR = YES;
				GCC_WARN_UNINITIALIZED_AUTOS = YES_AGGRESSIVE;
				GCC_WARN_UNUSED_FUNCTION = YES;
				GCC_WARN_UNUSED_VARIABLE = YES;
				IPHONEOS_DEPLOYMENT_TARGET = 12.1;
				MTL_ENABLE_DEBUG_INFO = INCLUDE_SOURCE;
				MTL_FAST_MATH = YES;
				ONLY_ACTIVE_ARCH = YES;
				SDKROOT = iphoneos;
				SWIFT_ACTIVE_COMPILATION_CONDITIONS = DEBUG;
				SWIFT_OPTIMIZATION_LEVEL = "-Onone";
			};
			name = Debug;
		};
		C3A2F0BF21FACD070078E15C /* Release */ = {
			isa = XCBuildConfiguration;
			buildSettings = {
				ALWAYS_SEARCH_USER_PATHS = NO;
				CLANG_ANALYZER_NONNULL = YES;
				CLANG_ANALYZER_NUMBER_OBJECT_CONVERSION = YES_AGGRESSIVE;
				CLANG_CXX_LANGUAGE_STANDARD = "gnu++14";
				CLANG_CXX_LIBRARY = "libc++";
				CLANG_ENABLE_MODULES = YES;
				CLANG_ENABLE_OBJC_ARC = YES;
				CLANG_ENABLE_OBJC_WEAK = YES;
				CLANG_WARN_BLOCK_CAPTURE_AUTORELEASING = YES;
				CLANG_WARN_BOOL_CONVERSION = YES;
				CLANG_WARN_COMMA = YES;
				CLANG_WARN_CONSTANT_CONVERSION = YES;
				CLANG_WARN_DEPRECATED_OBJC_IMPLEMENTATIONS = YES;
				CLANG_WARN_DIRECT_OBJC_ISA_USAGE = YES_ERROR;
				CLANG_WARN_DOCUMENTATION_COMMENTS = YES;
				CLANG_WARN_EMPTY_BODY = YES;
				CLANG_WARN_ENUM_CONVERSION = YES;
				CLANG_WARN_INFINITE_RECURSION = YES;
				CLANG_WARN_INT_CONVERSION = YES;
				CLANG_WARN_NON_LITERAL_NULL_CONVERSION = YES;
				CLANG_WARN_OBJC_IMPLICIT_RETAIN_SELF = YES;
				CLANG_WARN_OBJC_LITERAL_CONVERSION = YES;
				CLANG_WARN_OBJC_ROOT_CLASS = YES_ERROR;
				CLANG_WARN_RANGE_LOOP_ANALYSIS = YES;
				CLANG_WARN_STRICT_PROTOTYPES = YES;
				CLANG_WARN_SUSPICIOUS_MOVE = YES;
				CLANG_WARN_UNGUARDED_AVAILABILITY = YES_AGGRESSIVE;
				CLANG_WARN_UNREACHABLE_CODE = YES;
				CLANG_WARN__DUPLICATE_METHOD_MATCH = YES;
				CODE_SIGN_IDENTITY = "iPhone Developer";
				COPY_PHASE_STRIP = NO;
				DEBUG_INFORMATION_FORMAT = "dwarf-with-dsym";
				ENABLE_NS_ASSERTIONS = NO;
				ENABLE_STRICT_OBJC_MSGSEND = YES;
				GCC_C_LANGUAGE_STANDARD = gnu11;
				GCC_NO_COMMON_BLOCKS = YES;
				GCC_WARN_64_TO_32_BIT_CONVERSION = YES;
				GCC_WARN_ABOUT_RETURN_TYPE = YES_ERROR;
				GCC_WARN_UNDECLARED_SELECTOR = YES;
				GCC_WARN_UNINITIALIZED_AUTOS = YES_AGGRESSIVE;
				GCC_WARN_UNUSED_FUNCTION = YES;
				GCC_WARN_UNUSED_VARIABLE = YES;
				IPHONEOS_DEPLOYMENT_TARGET = 12.1;
				MTL_ENABLE_DEBUG_INFO = NO;
				MTL_FAST_MATH = YES;
				SDKROOT = iphoneos;
				SWIFT_COMPILATION_MODE = wholemodule;
				SWIFT_OPTIMIZATION_LEVEL = "-O";
				VALIDATE_PRODUCT = YES;
			};
			name = Release;
		};
		C3A2F0C121FACD070078E15C /* Debug */ = {
			isa = XCBuildConfiguration;
			buildSettings = {
				ASSETCATALOG_COMPILER_APPICON_NAME = AppIcon;
				CODE_SIGN_STYLE = Automatic;
				DEVELOPMENT_TEAM = VL2QAQ3CXK;
				INFOPLIST_FILE = uaftraffic/Info.plist;
				IPHONEOS_DEPLOYMENT_TARGET = 11.0;
				LD_RUNPATH_SEARCH_PATHS = (
					"$(inherited)",
					"@executable_path/Frameworks",
				);
				PRODUCT_BUNDLE_IDENTIFIER = edu.alaska.uaf.cs.uaftraffic;
				PRODUCT_NAME = "UAF Traffic";
				SWIFT_VERSION = 5.0;
				TARGETED_DEVICE_FAMILY = "1,2";
			};
			name = Debug;
		};
		C3A2F0C221FACD070078E15C /* Release */ = {
			isa = XCBuildConfiguration;
			buildSettings = {
				ASSETCATALOG_COMPILER_APPICON_NAME = AppIcon;
				CODE_SIGN_STYLE = Automatic;
				DEVELOPMENT_TEAM = VL2QAQ3CXK;
				INFOPLIST_FILE = uaftraffic/Info.plist;
				IPHONEOS_DEPLOYMENT_TARGET = 11.0;
				LD_RUNPATH_SEARCH_PATHS = (
					"$(inherited)",
					"@executable_path/Frameworks",
				);
				PRODUCT_BUNDLE_IDENTIFIER = edu.alaska.uaf.cs.uaftraffic;
				PRODUCT_NAME = "UAF Traffic";
				SWIFT_VERSION = 5.0;
				TARGETED_DEVICE_FAMILY = "1,2";
			};
			name = Release;
		};
		C3A2F0C421FACD070078E15C /* Debug */ = {
			isa = XCBuildConfiguration;
			buildSettings = {
				ALWAYS_EMBED_SWIFT_STANDARD_LIBRARIES = YES;
				BUNDLE_LOADER = "$(TEST_HOST)";
				CODE_SIGN_STYLE = Automatic;
				DEVELOPMENT_TEAM = VL2QAQ3CXK;
				INFOPLIST_FILE = uaftrafficTests/Info.plist;
				LD_RUNPATH_SEARCH_PATHS = (
					"$(inherited)",
					"@executable_path/Frameworks",
					"@loader_path/Frameworks",
				);
				PRODUCT_BUNDLE_IDENTIFIER = edu.uaf.cs.uaftrafficTests;
				PRODUCT_NAME = "$(TARGET_NAME)";
				SWIFT_VERSION = 5.0;
				TARGETED_DEVICE_FAMILY = "1,2";
				TEST_HOST = "$(BUILT_PRODUCTS_DIR)/uaftraffic.app/uaftraffic";
			};
			name = Debug;
		};
		C3A2F0C521FACD070078E15C /* Release */ = {
			isa = XCBuildConfiguration;
			buildSettings = {
				ALWAYS_EMBED_SWIFT_STANDARD_LIBRARIES = YES;
				BUNDLE_LOADER = "$(TEST_HOST)";
				CODE_SIGN_STYLE = Automatic;
				DEVELOPMENT_TEAM = VL2QAQ3CXK;
				INFOPLIST_FILE = uaftrafficTests/Info.plist;
				LD_RUNPATH_SEARCH_PATHS = (
					"$(inherited)",
					"@executable_path/Frameworks",
					"@loader_path/Frameworks",
				);
				PRODUCT_BUNDLE_IDENTIFIER = edu.uaf.cs.uaftrafficTests;
				PRODUCT_NAME = "$(TARGET_NAME)";
				SWIFT_VERSION = 5.0;
				TARGETED_DEVICE_FAMILY = "1,2";
				TEST_HOST = "$(BUILT_PRODUCTS_DIR)/uaftraffic.app/uaftraffic";
			};
			name = Release;
		};
		C3A2F0C721FACD070078E15C /* Debug */ = {
			isa = XCBuildConfiguration;
			buildSettings = {
				ALWAYS_EMBED_SWIFT_STANDARD_LIBRARIES = YES;
				CODE_SIGN_STYLE = Automatic;
				DEVELOPMENT_TEAM = VL2QAQ3CXK;
				INFOPLIST_FILE = uaftrafficUITests/Info.plist;
				LD_RUNPATH_SEARCH_PATHS = (
					"$(inherited)",
					"@executable_path/Frameworks",
					"@loader_path/Frameworks",
				);
				PRODUCT_BUNDLE_IDENTIFIER = edu.uaf.cs.uaftrafficUITests;
				PRODUCT_NAME = "$(TARGET_NAME)";
				SWIFT_VERSION = 5.0;
				TARGETED_DEVICE_FAMILY = "1,2";
				TEST_TARGET_NAME = uaftraffic;
			};
			name = Debug;
		};
		C3A2F0C821FACD070078E15C /* Release */ = {
			isa = XCBuildConfiguration;
			buildSettings = {
				ALWAYS_EMBED_SWIFT_STANDARD_LIBRARIES = YES;
				CODE_SIGN_STYLE = Automatic;
				DEVELOPMENT_TEAM = VL2QAQ3CXK;
				INFOPLIST_FILE = uaftrafficUITests/Info.plist;
				LD_RUNPATH_SEARCH_PATHS = (
					"$(inherited)",
					"@executable_path/Frameworks",
					"@loader_path/Frameworks",
				);
				PRODUCT_BUNDLE_IDENTIFIER = edu.uaf.cs.uaftrafficUITests;
				PRODUCT_NAME = "$(TARGET_NAME)";
				SWIFT_VERSION = 5.0;
				TARGETED_DEVICE_FAMILY = "1,2";
				TEST_TARGET_NAME = uaftraffic;
			};
			name = Release;
		};
/* End XCBuildConfiguration section */

/* Begin XCConfigurationList section */
		C3A2F09321FACD060078E15C /* Build configuration list for PBXProject "uaftraffic" */ = {
			isa = XCConfigurationList;
			buildConfigurations = (
				C3A2F0BE21FACD070078E15C /* Debug */,
				C3A2F0BF21FACD070078E15C /* Release */,
			);
			defaultConfigurationIsVisible = 0;
			defaultConfigurationName = Release;
		};
		C3A2F0C021FACD070078E15C /* Build configuration list for PBXNativeTarget "uaftraffic" */ = {
			isa = XCConfigurationList;
			buildConfigurations = (
				C3A2F0C121FACD070078E15C /* Debug */,
				C3A2F0C221FACD070078E15C /* Release */,
			);
			defaultConfigurationIsVisible = 0;
			defaultConfigurationName = Release;
		};
		C3A2F0C321FACD070078E15C /* Build configuration list for PBXNativeTarget "uaftrafficTests" */ = {
			isa = XCConfigurationList;
			buildConfigurations = (
				C3A2F0C421FACD070078E15C /* Debug */,
				C3A2F0C521FACD070078E15C /* Release */,
			);
			defaultConfigurationIsVisible = 0;
			defaultConfigurationName = Release;
		};
		C3A2F0C621FACD070078E15C /* Build configuration list for PBXNativeTarget "uaftrafficUITests" */ = {
			isa = XCConfigurationList;
			buildConfigurations = (
				C3A2F0C721FACD070078E15C /* Debug */,
				C3A2F0C821FACD070078E15C /* Release */,
			);
			defaultConfigurationIsVisible = 0;
			defaultConfigurationName = Release;
		};
/* End XCConfigurationList section */
	};
	rootObject = C3A2F09021FACD060078E15C /* Project object */;
}
